
Microsoft Visual Studio Solution File, Format Version 12.00
# Visual Studio Version 17
VisualStudioVersion = 17.7.34031.279
MinimumVisualStudioVersion = 10.0.40219.1
Project("{9A19103F-16F7-4668-BE54-9A1E7A4F7556}") = "WebApplication2", "WebApplication2\WebApplication2.csproj", "{778FA1CA-20D8-4560-A37E-0BE4EC02402F}"
EndProject
Project("{E53339B2-1760-4266-BCC7-CA923CBCF16C}") = "docker-compose", "docker-compose.dcproj", "{4FFF6579-6E9E-41DE-9280-64E3A339185C}"
EndProject
Global
	GlobalSection(SolutionConfigurationPlatforms) = preSolution
		Debug|Any CPU = Debug|Any CPU
		Release|Any CPU = Release|Any CPU
	EndGlobalSection
	GlobalSection(ProjectConfigurationPlatforms) = postSolution
		{778FA1CA-20D8-4560-A37E-0BE4EC02402F}.Debug|Any CPU.ActiveCfg = Debug|Any CPU
		{778FA1CA-20D8-4560-A37E-0BE4EC02402F}.Debug|Any CPU.Build.0 = Debug|Any CPU
		{778FA1CA-20D8-4560-A37E-0BE4EC02402F}.Release|Any CPU.ActiveCfg = Release|Any CPU
		{778FA1CA-20D8-4560-A37E-0BE4EC02402F}.Release|Any CPU.Build.0 = Release|Any CPU
		{4FFF6579-6E9E-41DE-9280-64E3A339185C}.Debug|Any CPU.ActiveCfg = Debug|Any CPU
		{4FFF6579-6E9E-41DE-9280-64E3A339185C}.Debug|Any CPU.Build.0 = Debug|Any CPU
		{4FFF6579-6E9E-41DE-9280-64E3A339185C}.Release|Any CPU.ActiveCfg = Release|Any CPU
		{4FFF6579-6E9E-41DE-9280-64E3A339185C}.Release|Any CPU.Build.0 = Release|Any CPU
	EndGlobalSection
	GlobalSection(SolutionProperties) = preSolution
		HideSolutionNode = FALSE
	EndGlobalSection
	GlobalSection(ExtensibilityGlobals) = postSolution
		SolutionGuid = {4B943240-4172-4E5C-8F50-6AB6157F90E6}
	EndGlobalSection
EndGlobal
